
Microsoft Visual Studio Solution File, Format Version 12.00
# Visual Studio 15
VisualStudioVersion = 15.0.28010.2046
MinimumVisualStudioVersion = 10.0.40219.1
Project("{9A19103F-16F7-4668-BE54-9A1E7A4F7556}") = "AMS.Web", "AMS.Web\AMS.Web.csproj", "{8087D290-DE67-40C8-A162-8FD6AAB39A13}"
EndProject
Project("{9A19103F-16F7-4668-BE54-9A1E7A4F7556}") = "AMS.Core", "AMS.Core\AMS.Core.csproj", "{092BD146-ACAF-480B-AA9F-0F9361545C97}"
EndProject
Project("{9A19103F-16F7-4668-BE54-9A1E7A4F7556}") = "AMS.Contracts", "AMS.Contracts\AMS.Contracts.csproj", "{D927EE04-8A67-4DB1-A63C-8C0EF064FD7D}"
EndProject
Project("{9A19103F-16F7-4668-BE54-9A1E7A4F7556}") = "AMS.Services", "AMS.Services\AMS.Services.csproj", "{D9745E70-ACF3-4781-8301-5A1874AE0FCE}"
EndProject
Project("{FAE04EC0-301F-11D3-BF4B-00C04F79EFBC}") = "AMS.Tests", "AMS.Tests\AMS.Tests.csproj", "{B053DB63-620A-48FC-8B14-EC64219829A3}"
EndProject
Global
	GlobalSection(SolutionConfigurationPlatforms) = preSolution
		Debug|Any CPU = Debug|Any CPU
		Release|Any CPU = Release|Any CPU
	EndGlobalSection
	GlobalSection(ProjectConfigurationPlatforms) = postSolution
		{8087D290-DE67-40C8-A162-8FD6AAB39A13}.Debug|Any CPU.ActiveCfg = Debug|Any CPU
		{8087D290-DE67-40C8-A162-8FD6AAB39A13}.Debug|Any CPU.Build.0 = Debug|Any CPU
		{8087D290-DE67-40C8-A162-8FD6AAB39A13}.Release|Any CPU.ActiveCfg = Release|Any CPU
		{8087D290-DE67-40C8-A162-8FD6AAB39A13}.Release|Any CPU.Build.0 = Release|Any CPU
		{092BD146-ACAF-480B-AA9F-0F9361545C97}.Debug|Any CPU.ActiveCfg = Debug|Any CPU
		{092BD146-ACAF-480B-AA9F-0F9361545C97}.Debug|Any CPU.Build.0 = Debug|Any CPU
		{092BD146-ACAF-480B-AA9F-0F9361545C97}.Release|Any CPU.ActiveCfg = Release|Any CPU
		{092BD146-ACAF-480B-AA9F-0F9361545C97}.Release|Any CPU.Build.0 = Release|Any CPU
		{D927EE04-8A67-4DB1-A63C-8C0EF064FD7D}.Debug|Any CPU.ActiveCfg = Debug|Any CPU
		{D927EE04-8A67-4DB1-A63C-8C0EF064FD7D}.Debug|Any CPU.Build.0 = Debug|Any CPU
		{D927EE04-8A67-4DB1-A63C-8C0EF064FD7D}.Release|Any CPU.ActiveCfg = Release|Any CPU
		{D927EE04-8A67-4DB1-A63C-8C0EF064FD7D}.Release|Any CPU.Build.0 = Release|Any CPU
		{D9745E70-ACF3-4781-8301-5A1874AE0FCE}.Debug|Any CPU.ActiveCfg = Debug|Any CPU
		{D9745E70-ACF3-4781-8301-5A1874AE0FCE}.Debug|Any CPU.Build.0 = Debug|Any CPU
		{D9745E70-ACF3-4781-8301-5A1874AE0FCE}.Release|Any CPU.ActiveCfg = Release|Any CPU
		{D9745E70-ACF3-4781-8301-5A1874AE0FCE}.Release|Any CPU.Build.0 = Release|Any CPU
		{B053DB63-620A-48FC-8B14-EC64219829A3}.Debug|Any CPU.ActiveCfg = Debug|Any CPU
		{B053DB63-620A-48FC-8B14-EC64219829A3}.Debug|Any CPU.Build.0 = Debug|Any CPU
		{B053DB63-620A-48FC-8B14-EC64219829A3}.Release|Any CPU.ActiveCfg = Release|Any CPU
		{B053DB63-620A-48FC-8B14-EC64219829A3}.Release|Any CPU.Build.0 = Release|Any CPU
	EndGlobalSection
	GlobalSection(SolutionProperties) = preSolution
		HideSolutionNode = FALSE
	EndGlobalSection
	GlobalSection(ExtensibilityGlobals) = postSolution
		SolutionGuid = {7E11AC70-F0B4-4C24-88B4-FFB3B65DBADF}
	EndGlobalSection
EndGlobal
